PODS:
  - Cache (1.0.0)
  - Cartography (0.6.0)
  - Hue (1.0.0)
  - Imaginary (0.1.0):
    - Cache
  - Orchestra (0.1.0):
    - Sugar
  - Sugar (1.0.3)

DEPENDENCIES:
  - Cache (from `https://github.com/hyperoslo/Cache`)
  - Cartography
  - Hue (from `https://github.com/hyperoslo/Hue`)
  - Imaginary (from `https://github.com/hyperoslo/Imaginary`)
  - Orchestra (from `../../`)

EXTERNAL SOURCES:
  Cache:
    :git: https://github.com/hyperoslo/Cache
  Hue:
    :git: https://github.com/hyperoslo/Hue
  Imaginary:
    :git: https://github.com/hyperoslo/Imaginary
  Orchestra:
    :path: ../../

CHECKOUT OPTIONS:
  Cache:
    :commit: 5af9d7f80b5c39ec578c54874d5acda248d10831
    :git: https://github.com/hyperoslo/Cache
  Hue:
    :commit: d31e0257a47f05c1c800ce150d1fec104dfc9085
    :git: https://github.com/hyperoslo/Hue
  Imaginary:
    :commit: 243448a070decf6d8fcdc503b14505a2951af680
    :git: https://github.com/hyperoslo/Imaginary

SPEC CHECKSUMS:
  Cache: 78f58bc008313c7a1182967a2ebcb3de9fddecd4
  Cartography: 70af183a248547694a8cfaa6b989cb7e04589985
  Hue: 44ae8b1091935fcc75055174095ab04653989235
  Imaginary: feaea646440c68a9b6ed66a46597d548b9a44207
  Orchestra: 895a930989008f8282b8f9c4b1fb606710d8dcb8
  Sugar: 0dec8fa53840c88c01579e61bcff8edbe468cb41

COCOAPODS: 0.39.0
